
Microsoft Visual Studio Solution File, Format Version 12.00
# Visual Studio Version 17
VisualStudioVersion = 17.3.32825.248
MinimumVisualStudioVersion = 10.0.40219.1
Project("{9A19103F-16F7-4668-BE54-9A1E7A4F7556}") = "ContactsApp.View", "ContactsApp.View\ContactsApp.View.csproj", "{B394B031-DA6B-4128-A264-471B9D87AA3D}"
EndProject
Project("{9A19103F-16F7-4668-BE54-9A1E7A4F7556}") = "ContactsApp.Model", "ContactsApp.Model\ContactsApp.Model.csproj", "{08F6C016-CF90-4EEA-9AC9-6FB221E2F0BB}"
EndProject
Project("{2150E333-8FDC-42A3-9474-1A3956D46DE8}") = "Testing", "Testing", "{B9E0F002-639A-4D9E-943D-DB86AFE51F98}"
EndProject
Project("{9A19103F-16F7-4668-BE54-9A1E7A4F7556}") = "ContactsApp.UnitTests", "Testing\ContactsApp.UnitTests\ContactsApp.UnitTests.csproj", "{ABC403C0-1EAD-49A1-AEA1-2A6A5CF6EBC2}"
EndProject
Global
	GlobalSection(SolutionConfigurationPlatforms) = preSolution
		Debug|Any CPU = Debug|Any CPU
		Release|Any CPU = Release|Any CPU
	EndGlobalSection
	GlobalSection(ProjectConfigurationPlatforms) = postSolution
		{B394B031-DA6B-4128-A264-471B9D87AA3D}.Debug|Any CPU.ActiveCfg = Debug|Any CPU
		{B394B031-DA6B-4128-A264-471B9D87AA3D}.Debug|Any CPU.Build.0 = Debug|Any CPU
		{B394B031-DA6B-4128-A264-471B9D87AA3D}.Release|Any CPU.ActiveCfg = Release|Any CPU
		{B394B031-DA6B-4128-A264-471B9D87AA3D}.Release|Any CPU.Build.0 = Release|Any CPU
		{08F6C016-CF90-4EEA-9AC9-6FB221E2F0BB}.Debug|Any CPU.ActiveCfg = Debug|Any CPU
		{08F6C016-CF90-4EEA-9AC9-6FB221E2F0BB}.Debug|Any CPU.Build.0 = Debug|Any CPU
		{08F6C016-CF90-4EEA-9AC9-6FB221E2F0BB}.Release|Any CPU.ActiveCfg = Release|Any CPU
		{08F6C016-CF90-4EEA-9AC9-6FB221E2F0BB}.Release|Any CPU.Build.0 = Release|Any CPU
		{ABC403C0-1EAD-49A1-AEA1-2A6A5CF6EBC2}.Debug|Any CPU.ActiveCfg = Debug|Any CPU
		{ABC403C0-1EAD-49A1-AEA1-2A6A5CF6EBC2}.Debug|Any CPU.Build.0 = Debug|Any CPU
		{ABC403C0-1EAD-49A1-AEA1-2A6A5CF6EBC2}.Release|Any CPU.ActiveCfg = Release|Any CPU
		{ABC403C0-1EAD-49A1-AEA1-2A6A5CF6EBC2}.Release|Any CPU.Build.0 = Release|Any CPU
	EndGlobalSection
	GlobalSection(SolutionProperties) = preSolution
		HideSolutionNode = FALSE
	EndGlobalSection
	GlobalSection(NestedProjects) = preSolution
		{ABC403C0-1EAD-49A1-AEA1-2A6A5CF6EBC2} = {B9E0F002-639A-4D9E-943D-DB86AFE51F98}
	EndGlobalSection
	GlobalSection(ExtensibilityGlobals) = postSolution
		SolutionGuid = {C3036D83-92BF-4C1B-9ECC-DE0FF51D3D77}
	EndGlobalSection
EndGlobal
